
Microsoft Visual Studio Solution File, Format Version 12.00
# Visual Studio Version 17
VisualStudioVersion = 17.5.33516.290
MinimumVisualStudioVersion = 10.0.40219.1
Project("{FAE04EC0-301F-11D3-BF4B-00C04F79EFBC}") = "MVVM_PhoneShop", "MVVM_PhoneShop.csproj", "{AFDB9289-199C-4122-BDDB-6065756C5200}"
EndProject
Global
	GlobalSection(SolutionConfigurationPlatforms) = preSolution
		Debug|Any CPU = Debug|Any CPU
		Release|Any CPU = Release|Any CPU
	EndGlobalSection
	GlobalSection(ProjectConfigurationPlatforms) = postSolution
		{AFDB9289-199C-4122-BDDB-6065756C5200}.Debug|Any CPU.ActiveCfg = Debug|Any CPU
		{AFDB9289-199C-4122-BDDB-6065756C5200}.Debug|Any CPU.Build.0 = Debug|Any CPU
		{AFDB9289-199C-4122-BDDB-6065756C5200}.Release|Any CPU.ActiveCfg = Release|Any CPU
		{AFDB9289-199C-4122-BDDB-6065756C5200}.Release|Any CPU.Build.0 = Release|Any CPU
	EndGlobalSection
	GlobalSection(SolutionProperties) = preSolution
		HideSolutionNode = FALSE
	EndGlobalSection
	GlobalSection(ExtensibilityGlobals) = postSolution
		SolutionGuid = {2600283E-83E7-4656-9140-C3DF4D70FABD}
	EndGlobalSection
EndGlobal
